
Microsoft Visual Studio Solution File, Format Version 12.00
# Visual Studio 15
VisualStudioVersion = 15.0.27004.2009
MinimumVisualStudioVersion = 10.0.40219.1
Project("{8BC9CEB8-8B4A-11D0-8D11-00A0C91BC942}") = "Alpha Sorting", "Alpha Sorting\Alpha Sorting.vcxproj", "{F75453A8-2716-4943-8734-2D56D181E6C3}"
EndProject
Global
	GlobalSection(SolutionConfigurationPlatforms) = preSolution
		Debug|x64 = Debug|x64
		Debug|x86 = Debug|x86
		Release|x64 = Release|x64
		Release|x86 = Release|x86
	EndGlobalSection
	GlobalSection(ProjectConfigurationPlatforms) = postSolution
		{F75453A8-2716-4943-8734-2D56D181E6C3}.Debug|x64.ActiveCfg = Debug|x64
		{F75453A8-2716-4943-8734-2D56D181E6C3}.Debug|x64.Build.0 = Debug|x64
		{F75453A8-2716-4943-8734-2D56D181E6C3}.Debug|x86.ActiveCfg = Debug|Win32
		{F75453A8-2716-4943-8734-2D56D181E6C3}.Debug|x86.Build.0 = Debug|Win32
		{F75453A8-2716-4943-8734-2D56D181E6C3}.Release|x64.ActiveCfg = Release|x64
		{F75453A8-2716-4943-8734-2D56D181E6C3}.Release|x64.Build.0 = Release|x64
		{F75453A8-2716-4943-8734-2D56D181E6C3}.Release|x86.ActiveCfg = Release|Win32
		{F75453A8-2716-4943-8734-2D56D181E6C3}.Release|x86.Build.0 = Release|Win32
	EndGlobalSection
	GlobalSection(SolutionProperties) = preSolution
		HideSolutionNode = FALSE
	EndGlobalSection
	GlobalSection(ExtensibilityGlobals) = postSolution
		SolutionGuid = {C07AE2D2-5E18-4760-B4B9-6B425BF060D1}
	EndGlobalSection
EndGlobal
